
Microsoft Visual Studio Solution File, Format Version 12.00
# Visual Studio 15
VisualStudioVersion = 15.0.27428.2027
MinimumVisualStudioVersion = 10.0.40219.1
Project("{FAE04EC0-301F-11D3-BF4B-00C04F79EFBC}") = "SamlProject", "SamlProject\SamlProject.csproj", "{0A710543-93D4-40A4-AAAC-3C92904E2307}"
EndProject
Global
	GlobalSection(SolutionConfigurationPlatforms) = preSolution
		Debug|Any CPU = Debug|Any CPU
		Release|Any CPU = Release|Any CPU
	EndGlobalSection
	GlobalSection(ProjectConfigurationPlatforms) = postSolution
		{0A710543-93D4-40A4-AAAC-3C92904E2307}.Debug|Any CPU.ActiveCfg = Debug|Any CPU
		{0A710543-93D4-40A4-AAAC-3C92904E2307}.Debug|Any CPU.Build.0 = Debug|Any CPU
		{0A710543-93D4-40A4-AAAC-3C92904E2307}.Release|Any CPU.ActiveCfg = Release|Any CPU
		{0A710543-93D4-40A4-AAAC-3C92904E2307}.Release|Any CPU.Build.0 = Release|Any CPU
	EndGlobalSection
	GlobalSection(SolutionProperties) = preSolution
		HideSolutionNode = FALSE
	EndGlobalSection
	GlobalSection(ExtensibilityGlobals) = postSolution
		SolutionGuid = {14982B4F-340D-44CD-B336-A8194E930EA8}
	EndGlobalSection
EndGlobal
